
Microsoft Visual Studio Solution File, Format Version 12.00
# Visual Studio Version 17
VisualStudioVersion = 17.13.35919.96 d17.13
MinimumVisualStudioVersion = 10.0.40219.1
Project("{8BC9CEB8-8B4A-11D0-8D11-00A0C91BC942}") = "RayTracingCUDA", "RayTracingCUDA\RayTracingCUDA.vcxproj", "{065C19E9-2F14-910C-A1A2-E31B01CED862}"
EndProject
Global
	GlobalSection(SolutionConfigurationPlatforms) = preSolution
		Debug|x64 = Debug|x64
		Release|x64 = Release|x64
	EndGlobalSection
	GlobalSection(ProjectConfigurationPlatforms) = postSolution
		{065C19E9-2F14-910C-A1A2-E31B01CED862}.Debug|x64.ActiveCfg = Debug|x64
		{065C19E9-2F14-910C-A1A2-E31B01CED862}.Debug|x64.Build.0 = Debug|x64
		{065C19E9-2F14-910C-A1A2-E31B01CED862}.Release|x64.ActiveCfg = Release|x64
		{065C19E9-2F14-910C-A1A2-E31B01CED862}.Release|x64.Build.0 = Release|x64
	EndGlobalSection
	GlobalSection(SolutionProperties) = preSolution
		HideSolutionNode = FALSE
	EndGlobalSection
	GlobalSection(ExtensibilityGlobals) = postSolution
		SolutionGuid = {EF171297-21AE-4390-9681-9D293C5CDE98}
	EndGlobalSection
EndGlobal
